
Microsoft Visual Studio Solution File, Format Version 12.00
# Visual Studio Version 17
VisualStudioVersion = 17.1.32328.378
MinimumVisualStudioVersion = 10.0.40219.1
Project("{9A19103F-16F7-4668-BE54-9A1E7A4F7556}") = "kwadraty", "kwadraty\kwadraty.csproj", "{1E9A92E3-D9F0-479E-8B12-DBAA4BF6C8B5}"
EndProject
Project("{2150E333-8FDC-42A3-9474-1A3956D46DE8}") = "test", "test", "{10F2B502-036D-4EE0-A336-EA2FAEC41CA5}"
EndProject
Global
	GlobalSection(SolutionConfigurationPlatforms) = preSolution
		Debug|Any CPU = Debug|Any CPU
		Release|Any CPU = Release|Any CPU
	EndGlobalSection
	GlobalSection(ProjectConfigurationPlatforms) = postSolution
		{1E9A92E3-D9F0-479E-8B12-DBAA4BF6C8B5}.Debug|Any CPU.ActiveCfg = Debug|Any CPU
		{1E9A92E3-D9F0-479E-8B12-DBAA4BF6C8B5}.Debug|Any CPU.Build.0 = Debug|Any CPU
		{1E9A92E3-D9F0-479E-8B12-DBAA4BF6C8B5}.Release|Any CPU.ActiveCfg = Release|Any CPU
		{1E9A92E3-D9F0-479E-8B12-DBAA4BF6C8B5}.Release|Any CPU.Build.0 = Release|Any CPU
	EndGlobalSection
	GlobalSection(SolutionProperties) = preSolution
		HideSolutionNode = FALSE
	EndGlobalSection
	GlobalSection(ExtensibilityGlobals) = postSolution
		SolutionGuid = {3302582F-DE7B-46A3-8491-F4A63B0ACA44}
	EndGlobalSection
EndGlobal
